# This file is automatically @generated by Cargo.
# It is not intended for manual editing.
version = 4

[[package]]
name = "flowscripter_template_bun_rust_library"
version = "1.2.1"
dependencies = [
 "flowscripter_template_rust_library",
]

[[package]]
name = "flowscripter_template_rust_library"
version = "1.1.13"
source = "registry+https://github.com/rust-lang/crates.io-index"
checksum = "de221c8955ddb87b1a3dffa2df3326cf4b693178f091c7cee440cf888adb58a3"
