# This file is automatically @generated by Cargo.
# It is not intended for manual editing.
version = 4

[[package]]
name = "flowscripter_template_bun_rust_library"
version = "1.0.26"
dependencies = [
 "flowscripter_template_rust_library",
]

[[package]]
name = "flowscripter_template_rust_library"
version = "1.1.12"
source = "registry+https://github.com/rust-lang/crates.io-index"
checksum = "efde44ad50aba46f123ab73240f242bdc47de1ae88ce4ef6765aeadda9564071"
