# This file is automatically @generated by Cargo.
# It is not intended for manual editing.
version = 4

[[package]]
name = "flowscripter_template_bun_rust_library"
version = "1.2.22"
dependencies = [
 "flowscripter_template_rust_library",
]

[[package]]
name = "flowscripter_template_rust_library"
version = "1.1.28"
source = "registry+https://github.com/rust-lang/crates.io-index"
checksum = "0b98321547eee30099b8eaee201f3515a8d441d676a306a1012f782c63e9f56f"
